
Microsoft Visual Studio Solution File, Format Version 12.00
# Visual Studio Version 17
VisualStudioVersion = 17.8.34330.188
MinimumVisualStudioVersion = 10.0.40219.1
Project("{8BC9CEB8-8B4A-11D0-8D11-00A0C91BC942}") = "과제2", "과제2\과제2.vcxproj", "{05594A79-857F-4D5B-9277-A693A57007B4}"
EndProject
Global
	GlobalSection(SolutionConfigurationPlatforms) = preSolution
		Debug|x64 = Debug|x64
		Debug|x86 = Debug|x86
		Release|x64 = Release|x64
		Release|x86 = Release|x86
	EndGlobalSection
	GlobalSection(ProjectConfigurationPlatforms) = postSolution
		{05594A79-857F-4D5B-9277-A693A57007B4}.Debug|x64.ActiveCfg = Debug|x64
		{05594A79-857F-4D5B-9277-A693A57007B4}.Debug|x64.Build.0 = Debug|x64
		{05594A79-857F-4D5B-9277-A693A57007B4}.Debug|x86.ActiveCfg = Debug|Win32
		{05594A79-857F-4D5B-9277-A693A57007B4}.Debug|x86.Build.0 = Debug|Win32
		{05594A79-857F-4D5B-9277-A693A57007B4}.Release|x64.ActiveCfg = Release|x64
		{05594A79-857F-4D5B-9277-A693A57007B4}.Release|x64.Build.0 = Release|x64
		{05594A79-857F-4D5B-9277-A693A57007B4}.Release|x86.ActiveCfg = Release|Win32
		{05594A79-857F-4D5B-9277-A693A57007B4}.Release|x86.Build.0 = Release|Win32
	EndGlobalSection
	GlobalSection(SolutionProperties) = preSolution
		HideSolutionNode = FALSE
	EndGlobalSection
	GlobalSection(ExtensibilityGlobals) = postSolution
		SolutionGuid = {82E2CE92-22D6-4795-928D-281779FCA660}
	EndGlobalSection
EndGlobal
